<Solution>
  <Folder Name="/src/">
    <Project Path="src/Termyn.Core/Termyn.Core.csproj" />
    <Project Path="src/Termyn.Presentation/Termyn.Presentation.csproj" />
    <Project Path="src/Termyn.Platform.Windows/Termyn.Platform.Windows.csproj" />
    <Project Path="src/Termyn.App.Windows/Termyn.App.Windows.csproj" />
  </Folder>
  <Folder Name="/tests/">
    <Project Path="tests/Termyn.TestSupport/Termyn.TestSupport.csproj" />
    <Project Path="tests/Termyn.Core.Tests/Termyn.Core.Tests.csproj" />
    <Project Path="tests/Termyn.Presentation.Tests/Termyn.Presentation.Tests.csproj" />
    <Project Path="tests/Termyn.Platform.Windows.Tests/Termyn.Platform.Windows.Tests.csproj" />
    <Project Path="tests/Termyn.App.Windows.Tests/Termyn.App.Windows.Tests.csproj" />
    <Project Path="tests/Termyn.Perf.Tests/Termyn.Perf.Tests.csproj" />
  </Folder>
</Solution>
